
Microsoft Visual Studio Solution File, Format Version 12.00
# Visual Studio Version 16
VisualStudioVersion = 16.0.31112.23
MinimumVisualStudioVersion = 10.0.40219.1
Project("{FAE04EC0-301F-11D3-BF4B-00C04F79EFBC}") = "projectDCS", "projectDCS\projectDCS.csproj", "{B93DBEAE-C3B0-428E-B637-0BBE5BF400AD}"
EndProject
Global
	GlobalSection(SolutionConfigurationPlatforms) = preSolution
		Debug|Any CPU = Debug|Any CPU
		Release|Any CPU = Release|Any CPU
	EndGlobalSection
	GlobalSection(ProjectConfigurationPlatforms) = postSolution
		{B93DBEAE-C3B0-428E-B637-0BBE5BF400AD}.Debug|Any CPU.ActiveCfg = Debug|Any CPU
		{B93DBEAE-C3B0-428E-B637-0BBE5BF400AD}.Debug|Any CPU.Build.0 = Debug|Any CPU
		{B93DBEAE-C3B0-428E-B637-0BBE5BF400AD}.Release|Any CPU.ActiveCfg = Release|Any CPU
		{B93DBEAE-C3B0-428E-B637-0BBE5BF400AD}.Release|Any CPU.Build.0 = Release|Any CPU
	EndGlobalSection
	GlobalSection(SolutionProperties) = preSolution
		HideSolutionNode = FALSE
	EndGlobalSection
	GlobalSection(ExtensibilityGlobals) = postSolution
		SolutionGuid = {1B1FA18C-42DE-49E4-9790-80B4D8BEB741}
	EndGlobalSection
EndGlobal
